<?xml version="1.0" encoding="utf-8"?>
<Project ToolsVersion="4.0" xmlns="http://schemas.microsoft.com/developer/msbuild/2003">
  <ItemGroup>
    <Filter Include="Resource Files">
      <UniqueIdentifier>{D9D6E242-F8AF-46E4-B9FD-80ECBC20BA3E}</UniqueIdentifier>
      <Extensions>qrc;*</Extensions>
      <ParseFiles>false</ParseFiles>
    </Filter>
    <Filter Include="Form Files">
      <UniqueIdentifier>{99349809-55BA-4b9d-BF79-8FDBB0286EB3}</UniqueIdentifier>
      <Extensions>ui</Extensions>
    </Filter>
    <Filter Include="Resource Files">
      <UniqueIdentifier>{D9D6E242-F8AF-46E4-B9FD-80ECBC20BA3E}</UniqueIdentifier>
      <Extensions>qrc;*</Extensions>
      <ParseFiles>false</ParseFiles>
    </Filter>
    <Filter Include="Generated Files">
      <UniqueIdentifier>{71ED8ED8-ACB9-4CE9-BBE1-E00B30144E11}</UniqueIdentifier>
      <Extensions>moc;h;cpp</Extensions>
      <SourceControlFiles>False</SourceControlFiles>
    </Filter>
    <Filter Include="MainWindow">
      <UniqueIdentifier>{9c65018d-b3f3-4cab-ba72-f77eadaa17f4}</UniqueIdentifier>
    </Filter>
    <Filter Include="SyntaxHighlighter">
      <UniqueIdentifier>{c1a678e0-f64a-4f4b-89fb-3b50d3459b15}</UniqueIdentifier>
    </Filter>
    <Filter Include="D3DRenderWidget">
      <UniqueIdentifier>{3e2fe591-c224-4001-b9f9-7f7933d196b2}</UniqueIdentifier>
    </Filter>
    <Filter Include="DefaultScene">
      <UniqueIdentifier>{933a8d17-02a5-4052-a73c-f3c7ef935c2a}</UniqueIdentifier>
    </Filter>
    <Filter Include="CodeEditor">
      <UniqueIdentifier>{29937e48-a94a-4311-bc8d-3bd2883b40b8}</UniqueIdentifier>
    </Filter>
    <Filter Include="ResourceManager">
      <UniqueIdentifier>{ddacc1ca-bef0-4491-a35e-4881051da3ae}</UniqueIdentifier>
    </Filter>
    <Filter Include="ShaderCreator">
      <UniqueIdentifier>{c076029e-b28d-41fa-9738-dbc8afb41d2c}</UniqueIdentifier>
    </Filter>
    <Filter Include="ShaderManager">
      <UniqueIdentifier>{6e811eab-6179-4b67-a57a-e137f2494efa}</UniqueIdentifier>
    </Filter>
    <Filter Include="Console">
      <UniqueIdentifier>{f98551fc-8e7e-4c2f-8444-b6291fc68352}</UniqueIdentifier>
    </Filter>
    <Filter Include="ProjectManager">
      <UniqueIdentifier>{298c2463-096a-4c5b-97c8-ca51ad8a7143}</UniqueIdentifier>
    </Filter>
    <Filter Include="SceneManager">
      <UniqueIdentifier>{3e9a308a-2c52-4ad0-9aa4-8716dd93745e}</UniqueIdentifier>
    </Filter>
    <Filter Include="Timeline">
      <UniqueIdentifier>{8514698c-b8b5-4c21-87ac-9bdec78c12a7}</UniqueIdentifier>
    </Filter>
  </ItemGroup>
  <ItemGroup>
    <ClCompile Include="GeneratedFiles\Debug\moc_ShaderToolMain.cpp">
      <Filter>Generated Files</Filter>
    </ClCompile>
    <ClCompile Include="GeneratedFiles\Release\moc_ShaderToolMain.cpp">
      <Filter>Generated Files</Filter>
    </ClCompile>
    <ClCompile Include="GeneratedFiles\qrc_ShaderToolMain.cpp">
      <Filter>Generated Files</Filter>
    </ClCompile>
    <ClCompile Include="main.cpp" />
    <ClCompile Include="ShaderToolMain.cpp">
      <Filter>MainWindow</Filter>
    </ClCompile>
    <ClCompile Include="SyntaxHighlighter.cpp">
      <Filter>SyntaxHighlighter</Filter>
    </ClCompile>
    <ClCompile Include="GeneratedFiles\Debug\moc_SyntaxHighlighter.cpp">
      <Filter>Generated Files</Filter>
    </ClCompile>
    <ClCompile Include="GeneratedFiles\Release\moc_SyntaxHighlighter.cpp">
      <Filter>Generated Files</Filter>
    </ClCompile>
    <ClCompile Include="D3DRenderWidget.cpp">
      <Filter>D3DRenderWidget</Filter>
    </ClCompile>
    <ClCompile Include="GeneratedFiles\Debug\moc_D3DRenderWidget.cpp">
      <Filter>Generated Files</Filter>
    </ClCompile>
    <ClCompile Include="GeneratedFiles\Release\moc_D3DRenderWidget.cpp">
      <Filter>Generated Files</Filter>
    </ClCompile>
    <ClCompile Include="DefaultScene.cpp">
      <Filter>DefaultScene</Filter>
    </ClCompile>
    <ClCompile Include="CodeEditor.cpp">
      <Filter>CodeEditor</Filter>
    </ClCompile>
    <ClCompile Include="LineNumberArea.cpp">
      <Filter>CodeEditor</Filter>
    </ClCompile>
    <ClCompile Include="CTexturePainter.cpp">
      <Filter>ResourceManager</Filter>
    </ClCompile>
    <ClCompile Include="GeneratedFiles\Debug\moc_CTexturePainter.cpp">
      <Filter>Generated Files</Filter>
    </ClCompile>
    <ClCompile Include="GeneratedFiles\Release\moc_CTexturePainter.cpp">
      <Filter>Generated Files</Filter>
    </ClCompile>
    <ClCompile Include="CShaderCreator.cpp">
      <Filter>ShaderCreator</Filter>
    </ClCompile>
    <ClCompile Include="ShaderManager.cpp">
      <Filter>ShaderManager</Filter>
    </ClCompile>
    <ClCompile Include="GeneratedFiles\Debug\moc_ShaderManager.cpp">
      <Filter>Generated Files</Filter>
    </ClCompile>
    <ClCompile Include="GeneratedFiles\Release\moc_ShaderManager.cpp">
      <Filter>Generated Files</Filter>
    </ClCompile>
    <ClCompile Include="ShaderManagerButton.cpp">
      <Filter>ShaderManager</Filter>
    </ClCompile>
    <ClCompile Include="GeneratedFiles\Debug\moc_ShaderManagerButton.cpp">
      <Filter>Generated Files</Filter>
    </ClCompile>
    <ClCompile Include="GeneratedFiles\Release\moc_ShaderManagerButton.cpp">
      <Filter>Generated Files</Filter>
    </ClCompile>
    <ClCompile Include="Console.cpp">
      <Filter>Console</Filter>
    </ClCompile>
    <ClCompile Include="ProjectManager.cpp">
      <Filter>ProjectManager</Filter>
    </ClCompile>
    <ClCompile Include="GeneratedFiles\Debug\moc_ProjectManager.cpp">
      <Filter>Generated Files</Filter>
    </ClCompile>
    <ClCompile Include="GeneratedFiles\Release\moc_ProjectManager.cpp">
      <Filter>Generated Files</Filter>
    </ClCompile>
    <ClCompile Include="ProjectFileReader.cpp">
      <Filter>ProjectManager</Filter>
    </ClCompile>
    <ClCompile Include="SceneManager.cpp">
      <Filter>SceneManager</Filter>
    </ClCompile>
    <ClCompile Include="SceneButton.cpp">
      <Filter>SceneManager</Filter>
    </ClCompile>
    <ClCompile Include="GeneratedFiles\Debug\moc_SceneButton.cpp">
      <Filter>Generated Files</Filter>
    </ClCompile>
    <ClCompile Include="GeneratedFiles\Release\moc_SceneButton.cpp">
      <Filter>Generated Files</Filter>
    </ClCompile>
    <ClCompile Include="GeneratedFiles\Debug\moc_SceneManager.cpp">
      <Filter>Generated Files</Filter>
    </ClCompile>
    <ClCompile Include="GeneratedFiles\Release\moc_SceneManager.cpp">
      <Filter>Generated Files</Filter>
    </ClCompile>
    <ClCompile Include="GeneratedFiles\Debug\moc_CodeEditor.cpp">
      <Filter>Generated Files</Filter>
    </ClCompile>
    <ClCompile Include="GeneratedFiles\Release\moc_CodeEditor.cpp">
      <Filter>Generated Files</Filter>
    </ClCompile>
    <ClCompile Include="Timeline.cpp">
      <Filter>Timeline</Filter>
    </ClCompile>
    <ClCompile Include="GeneratedFiles\Debug\moc_Timeline.cpp">
      <Filter>Generated Files</Filter>
    </ClCompile>
    <ClCompile Include="GeneratedFiles\Release\moc_Timeline.cpp">
      <Filter>Generated Files</Filter>
    </ClCompile>
  </ItemGroup>
  <ItemGroup>
    <CustomBuild Include="ShaderToolMain.ui">
      <Filter>Form Files</Filter>
    </CustomBuild>
    <CustomBuild Include="ShaderToolMain.qrc">
      <Filter>Resource Files</Filter>
    </CustomBuild>
    <CustomBuild Include="ShaderToolMain.h">
      <Filter>MainWindow</Filter>
    </CustomBuild>
    <CustomBuild Include="SyntaxHighlighter.h">
      <Filter>SyntaxHighlighter</Filter>
    </CustomBuild>
    <CustomBuild Include="D3DRenderWidget.h">
      <Filter>D3DRenderWidget</Filter>
    </CustomBuild>
    <CustomBuild Include="CodeEditor.h">
      <Filter>CodeEditor</Filter>
    </CustomBuild>
    <CustomBuild Include="CTexturePainter.h">
      <Filter>ResourceManager</Filter>
    </CustomBuild>
    <CustomBuild Include="ShaderManager.h">
      <Filter>ShaderManager</Filter>
    </CustomBuild>
    <CustomBuild Include="ShaderManagerButton.h">
      <Filter>ShaderManager</Filter>
    </CustomBuild>
    <CustomBuild Include="ProjectManager.h">
      <Filter>ProjectManager</Filter>
    </CustomBuild>
    <CustomBuild Include="SceneButton.h">
      <Filter>SceneManager</Filter>
    </CustomBuild>
    <CustomBuild Include="SceneManager.h">
      <Filter>Generated Files</Filter>
    </CustomBuild>
    <CustomBuild Include="Timeline.h">
      <Filter>Timeline</Filter>
    </CustomBuild>
  </ItemGroup>
  <ItemGroup>
    <ClInclude Include="GeneratedFiles\ui_ShaderToolMain.h">
      <Filter>Generated Files</Filter>
    </ClInclude>
    <ClInclude Include="DefaultScene.h">
      <Filter>DefaultScene</Filter>
    </ClInclude>
    <ClInclude Include="LineNumberArea.h">
      <Filter>CodeEditor</Filter>
    </ClInclude>
    <ClInclude Include="ShaderCreator.h">
      <Filter>ShaderCreator</Filter>
    </ClInclude>
    <ClInclude Include="Console.h">
      <Filter>Console</Filter>
    </ClInclude>
    <ClInclude Include="ISerializer.h">
      <Filter>ProjectManager</Filter>
    </ClInclude>
    <ClInclude Include="ProjectFileReader.h">
      <Filter>ProjectManager</Filter>
    </ClInclude>
  </ItemGroup>
</Project>